
Microsoft Visual Studio Solution File, Format Version 12.00
# Visual Studio Version 17
VisualStudioVersion = 17.0.32112.339
MinimumVisualStudioVersion = 10.0.40219.1
Project("{FAE04EC0-301F-11D3-BF4B-00C04F79EFBC}") = "AGwent.Models", "src\Models\AGwent.Models\AGwent.Models.csproj", "{45954DE8-1B14-4A59-AF1B-035FD76063B4}"
EndProject
Project("{FAE04EC0-301F-11D3-BF4B-00C04F79EFBC}") = "AGwent.Tests", "src\Tests\AGwent.Tests\AGwent.Tests.csproj", "{0725CA48-F57E-4C92-BCDD-77F08E843672}"
EndProject
Global
	GlobalSection(SolutionConfigurationPlatforms) = preSolution
		Debug|Any CPU = Debug|Any CPU
		Release|Any CPU = Release|Any CPU
	EndGlobalSection
	GlobalSection(ProjectConfigurationPlatforms) = postSolution
		{45954DE8-1B14-4A59-AF1B-035FD76063B4}.Debug|Any CPU.ActiveCfg = Debug|Any CPU
		{45954DE8-1B14-4A59-AF1B-035FD76063B4}.Debug|Any CPU.Build.0 = Debug|Any CPU
		{45954DE8-1B14-4A59-AF1B-035FD76063B4}.Release|Any CPU.ActiveCfg = Release|Any CPU
		{45954DE8-1B14-4A59-AF1B-035FD76063B4}.Release|Any CPU.Build.0 = Release|Any CPU
		{0725CA48-F57E-4C92-BCDD-77F08E843672}.Debug|Any CPU.ActiveCfg = Debug|Any CPU
		{0725CA48-F57E-4C92-BCDD-77F08E843672}.Debug|Any CPU.Build.0 = Debug|Any CPU
		{0725CA48-F57E-4C92-BCDD-77F08E843672}.Release|Any CPU.ActiveCfg = Release|Any CPU
		{0725CA48-F57E-4C92-BCDD-77F08E843672}.Release|Any CPU.Build.0 = Release|Any CPU
	EndGlobalSection
	GlobalSection(SolutionProperties) = preSolution
		HideSolutionNode = FALSE
	EndGlobalSection
	GlobalSection(ExtensibilityGlobals) = postSolution
		SolutionGuid = {8EE53087-0E13-482F-8940-DAFCCD78B552}
	EndGlobalSection
EndGlobal
